
Microsoft Visual Studio Solution File, Format Version 12.00
# Visual Studio 15
VisualStudioVersion = 15.0.26228.9
MinimumVisualStudioVersion = 10.0.40219.1
Project("{2150E333-8FDC-42A3-9474-1A3956D46DE8}") = "src", "src", "{9BE464BF-D8EC-4647-B8B5-768A34CF8BE8}"
EndProject
Project("{2150E333-8FDC-42A3-9474-1A3956D46DE8}") = "Solution Items", "Solution Items", "{6D7E116E-3598-4511-BE25-0D9223CC1121}"
EndProject
Project("{9A19103F-16F7-4668-BE54-9A1E7A4F7556}") = "Retail3", "src\Retail3\Retail3.csproj", "{642C9001-C7FE-481A-A8E6-9CF80EC58139}"
EndProject
Global
	GlobalSection(SolutionConfigurationPlatforms) = preSolution
		Debug|Any CPU = Debug|Any CPU
		Release|Any CPU = Release|Any CPU
	EndGlobalSection
	GlobalSection(ProjectConfigurationPlatforms) = postSolution
		{642C9001-C7FE-481A-A8E6-9CF80EC58139}.Debug|Any CPU.ActiveCfg = Debug|Any CPU
		{642C9001-C7FE-481A-A8E6-9CF80EC58139}.Debug|Any CPU.Build.0 = Debug|Any CPU
		{642C9001-C7FE-481A-A8E6-9CF80EC58139}.Release|Any CPU.ActiveCfg = Release|Any CPU
		{642C9001-C7FE-481A-A8E6-9CF80EC58139}.Release|Any CPU.Build.0 = Release|Any CPU
	EndGlobalSection
	GlobalSection(SolutionProperties) = preSolution
		HideSolutionNode = FALSE
	EndGlobalSection
	GlobalSection(NestedProjects) = preSolution
		{642C9001-C7FE-481A-A8E6-9CF80EC58139} = {9BE464BF-D8EC-4647-B8B5-768A34CF8BE8}
	EndGlobalSection
EndGlobal
